<?xml version="1.0" encoding="UTF-8"?>
<!DOCTYPE plist PUBLIC "-//Apple//DTD PLIST 1.0//EN" "http://www.apple.com/DTDs/PropertyList-1.0.dtd">
<plist version="1.0">
<dict>
	<key>archiveVersion</key>
	<string>1</string>
	<key>classes</key>
	<dict/>
	<key>objectVersion</key>
	<string>46</string>
	<key>objects</key>
	<dict>
		<key>0E582BDBA4F84A4C865ACC03</key>
		<dict>
			<key>fileRef</key>
			<string>62317CEC49634D3D8C7396F7</string>
			<key>isa</key>
			<string>PBXBuildFile</string>
		</dict>
		<key>261895AC1888A4CE00920A60</key>
		<dict>
			<key>children</key>
			<array>
				<string>261895BE1888A4CE00920A60</string>
				<string>261895DD1888A4CE00920A60</string>
				<string>261895B71888A4CE00920A60</string>
				<string>261895B61888A4CE00920A60</string>
				<string>470F1DF8701A4794A8B2DDC1</string>
			</array>
			<key>isa</key>
			<string>PBXGroup</string>
			<key>sourceTree</key>
			<string>&lt;group&gt;</string>
		</dict>
		<key>261895AD1888A4CE00920A60</key>
		<dict>
			<key>attributes</key>
			<dict>
				<key>CLASSPREFIX</key>
				<string>CPT</string>
				<key>LastUpgradeCheck</key>
				<string>0500</string>
				<key>ORGANIZATIONNAME</key>
				<string>Christine Wang</string>
				<key>TargetAttributes</key>
				<dict>
					<key>261895D51888A4CE00920A60</key>
					<dict>
						<key>TestTargetID</key>
						<string>261895B41888A4CE00920A60</string>
					</dict>
				</dict>
			</dict>
			<key>buildConfigurationList</key>
			<string>261895B01888A4CE00920A60</string>
			<key>compatibilityVersion</key>
			<string>Xcode 3.2</string>
			<key>developmentRegion</key>
			<string>English</string>
			<key>hasScannedForEncodings</key>
			<string>0</string>
			<key>isa</key>
			<string>PBXProject</string>
			<key>knownRegions</key>
			<array>
				<string>en</string>
				<string>Base</string>
			</array>
			<key>mainGroup</key>
			<string>261895AC1888A4CE00920A60</string>
			<key>productRefGroup</key>
			<string>261895B61888A4CE00920A60</string>
			<key>projectDirPath</key>
			<string></string>
			<key>projectReferences</key>
			<array/>
			<key>projectRoot</key>
			<string></string>
			<key>targets</key>
			<array>
				<string>261895B41888A4CE00920A60</string>
				<string>261895D51888A4CE00920A60</string>
			</array>
		</dict>
		<key>261895B01888A4CE00920A60</key>
		<dict>
			<key>buildConfigurations</key>
			<array>
				<string>261895E51888A4CE00920A60</string>
				<string>261895E61888A4CE00920A60</string>
			</array>
			<key>defaultConfigurationIsVisible</key>
			<string>0</string>
			<key>defaultConfigurationName</key>
			<string>Release</string>
			<key>isa</key>
			<string>XCConfigurationList</string>
		</dict>
		<key>261895B11888A4CE00920A60</key>
		<dict>
			<key>buildActionMask</key>
			<string>2147483647</string>
			<key>files</key>
			<array>
				<string>261895C91888A4CE00920A60</string>
				<string>261896E2188E4F7F00920A60</string>
				<string>261895C51888A4CE00920A60</string>
				<string>261895F51888A70700920A60</string>
				<string>261895F41888A70700920A60</string>
				<string>261895F31888A70700920A60</string>
			</array>
			<key>isa</key>
			<string>PBXSourcesBuildPhase</string>
			<key>runOnlyForDeploymentPostprocessing</key>
			<string>0</string>
		</dict>
		<key>261895B21888A4CE00920A60</key>
		<dict>
			<key>buildActionMask</key>
			<string>2147483647</string>
			<key>files</key>
			<array>
				<string>261895BB1888A4CE00920A60</string>
				<string>261895BD1888A4CE00920A60</string>
				<string>261895B91888A4CE00920A60</string>
				<string>0E582BDBA4F84A4C865ACC03</string>
			</array>
			<key>isa</key>
			<string>PBXFrameworksBuildPhase</string>
			<key>runOnlyForDeploymentPostprocessing</key>
			<string>0</string>
		</dict>
		<key>261895B31888A4CE00920A60</key>
		<dict>
			<key>buildActionMask</key>
			<string>2147483647</string>
			<key>files</key>
			<array>
				<string>261895D11888A4CE00920A60</string>
				<string>261895C31888A4CE00920A60</string>
				<string>261895CC1888A4CE00920A60</string>
			</array>
			<key>isa</key>
			<string>PBXResourcesBuildPhase</string>
			<key>runOnlyForDeploymentPostprocessing</key>
			<string>0</string>
		</dict>
		<key>261895B41888A4CE00920A60</key>
		<dict>
			<key>buildConfigurationList</key>
			<string>261895E71888A4CE00920A60</string>
			<key>buildPhases</key>
			<array>
				<string>29A4E4C68FC9476EBFCA30B2</string>
				<string>261895B11888A4CE00920A60</string>
				<string>261895B21888A4CE00920A60</string>
				<string>261895B31888A4CE00920A60</string>
				<string>42B5412E3CB34C2C8EE2D0C1</string>
			</array>
			<key>buildRules</key>
			<array/>
			<key>dependencies</key>
			<array/>
			<key>isa</key>
			<string>PBXNativeTarget</string>
			<key>name</key>
			<string>CPTomatoes</string>
			<key>productName</key>
			<string>CPTomatoes</string>
			<key>productReference</key>
			<string>261895B51888A4CE00920A60</string>
			<key>productType</key>
			<string>com.apple.product-type.application</string>
		</dict>
		<key>261895B51888A4CE00920A60</key>
		<dict>
			<key>explicitFileType</key>
			<string>wrapper.application</string>
			<key>includeInIndex</key>
			<string>0</string>
			<key>isa</key>
			<string>PBXFileReference</string>
			<key>path</key>
			<string>CPTomatoes.app</string>
			<key>sourceTree</key>
			<string>BUILT_PRODUCTS_DIR</string>
		</dict>
		<key>261895B61888A4CE00920A60</key>
		<dict>
			<key>children</key>
			<array>
				<string>261895B51888A4CE00920A60</string>
				<string>261895D61888A4CE00920A60</string>
			</array>
			<key>isa</key>
			<string>PBXGroup</string>
			<key>name</key>
			<string>Products</string>
			<key>sourceTree</key>
			<string>&lt;group&gt;</string>
		</dict>
		<key>261895B71888A4CE00920A60</key>
		<dict>
			<key>children</key>
			<array>
				<string>261895B81888A4CE00920A60</string>
				<string>261895BA1888A4CE00920A60</string>
				<string>261895BC1888A4CE00920A60</string>
				<string>261895D71888A4CE00920A60</string>
				<string>62317CEC49634D3D8C7396F7</string>
			</array>
			<key>isa</key>
			<string>PBXGroup</string>
			<key>name</key>
			<string>Frameworks</string>
			<key>sourceTree</key>
			<string>&lt;group&gt;</string>
		</dict>
		<key>261895B81888A4CE00920A60</key>
		<dict>
			<key>isa</key>
			<string>PBXFileReference</string>
			<key>lastKnownFileType</key>
			<string>wrapper.framework</string>
			<key>name</key>
			<string>Foundation.framework</string>
			<key>path</key>
			<string>System/Library/Frameworks/Foundation.framework</string>
			<key>sourceTree</key>
			<string>SDKROOT</string>
		</dict>
		<key>261895B91888A4CE00920A60</key>
		<dict>
			<key>fileRef</key>
			<string>261895B81888A4CE00920A60</string>
			<key>isa</key>
			<string>PBXBuildFile</string>
		</dict>
		<key>261895BA1888A4CE00920A60</key>
		<dict>
			<key>isa</key>
			<string>PBXFileReference</string>
			<key>lastKnownFileType</key>
			<string>wrapper.framework</string>
			<key>name</key>
			<string>CoreGraphics.framework</string>
			<key>path</key>
			<string>System/Library/Frameworks/CoreGraphics.framework</string>
			<key>sourceTree</key>
			<string>SDKROOT</string>
		</dict>
		<key>261895BB1888A4CE00920A60</key>
		<dict>
			<key>fileRef</key>
			<string>261895BA1888A4CE00920A60</string>
			<key>isa</key>
			<string>PBXBuildFile</string>
		</dict>
		<key>261895BC1888A4CE00920A60</key>
		<dict>
			<key>isa</key>
			<string>PBXFileReference</string>
			<key>lastKnownFileType</key>
			<string>wrapper.framework</string>
			<key>name</key>
			<string>UIKit.framework</string>
			<key>path</key>
			<string>System/Library/Frameworks/UIKit.framework</string>
			<key>sourceTree</key>
			<string>SDKROOT</string>
		</dict>
		<key>261895BD1888A4CE00920A60</key>
		<dict>
			<key>fileRef</key>
			<string>261895BC1888A4CE00920A60</string>
			<key>isa</key>
			<string>PBXBuildFile</string>
		</dict>
		<key>261895BE1888A4CE00920A60</key>
		<dict>
			<key>children</key>
			<array>
				<string>261895F21888A70700920A60</string>
				<string>261895EE1888A70700920A60</string>
				<string>261895EF1888A70700920A60</string>
				<string>261895ED1888A70700920A60</string>
				<string>261895F11888A70700920A60</string>
				<string>261895F01888A70700920A60</string>
				<string>261895C71888A4CE00920A60</string>
				<string>261895C81888A4CE00920A60</string>
				<string>261895CA1888A4CE00920A60</string>
				<string>261895D01888A4CE00920A60</string>
				<string>261895BF1888A4CE00920A60</string>
				<string>261896E0188E4F7F00920A60</string>
				<string>261896E1188E4F7F00920A60</string>
			</array>
			<key>isa</key>
			<string>PBXGroup</string>
			<key>path</key>
			<string>CPTomatoes</string>
			<key>sourceTree</key>
			<string>&lt;group&gt;</string>
		</dict>
		<key>261895BF1888A4CE00920A60</key>
		<dict>
			<key>children</key>
			<array>
				<string>261895C01888A4CE00920A60</string>
				<string>261895C11888A4CE00920A60</string>
				<string>261895C41888A4CE00920A60</string>
				<string>261895C61888A4CE00920A60</string>
			</array>
			<key>isa</key>
			<string>PBXGroup</string>
			<key>name</key>
			<string>Supporting Files</string>
			<key>sourceTree</key>
			<string>&lt;group&gt;</string>
		</dict>
		<key>261895C01888A4CE00920A60</key>
		<dict>
			<key>isa</key>
			<string>PBXFileReference</string>
			<key>lastKnownFileType</key>
			<string>text.plist.xml</string>
			<key>path</key>
			<string>CPTomatoes-Info.plist</string>
			<key>sourceTree</key>
			<string>&lt;group&gt;</string>
		</dict>
		<key>261895C11888A4CE00920A60</key>
		<dict>
			<key>children</key>
			<array>
				<string>261895C21888A4CE00920A60</string>
			</array>
			<key>isa</key>
			<string>PBXVariantGroup</string>
			<key>name</key>
			<string>InfoPlist.strings</string>
			<key>sourceTree</key>
			<string>&lt;group&gt;</string>
		</dict>
		<key>261895C21888A4CE00920A60</key>
		<dict>
			<key>isa</key>
			<string>PBXFileReference</string>
			<key>lastKnownFileType</key>
			<string>text.plist.strings</string>
			<key>name</key>
			<string>en</string>
			<key>path</key>
			<string>en.lproj/InfoPlist.strings</string>
			<key>sourceTree</key>
			<string>&lt;group&gt;</string>
		</dict>
		<key>261895C31888A4CE00920A60</key>
		<dict>
			<key>fileRef</key>
			<string>261895C11888A4CE00920A60</string>
			<key>isa</key>
			<string>PBXBuildFile</string>
		</dict>
		<key>261895C41888A4CE00920A60</key>
		<dict>
			<key>isa</key>
			<string>PBXFileReference</string>
			<key>lastKnownFileType</key>
			<string>sourcecode.c.objc</string>
			<key>path</key>
			<string>main.m</string>
			<key>sourceTree</key>
			<string>&lt;group&gt;</string>
		</dict>
		<key>261895C51888A4CE00920A60</key>
		<dict>
			<key>fileRef</key>
			<string>261895C41888A4CE00920A60</string>
			<key>isa</key>
			<string>PBXBuildFile</string>
		</dict>
		<key>261895C61888A4CE00920A60</key>
		<dict>
			<key>isa</key>
			<string>PBXFileReference</string>
			<key>lastKnownFileType</key>
			<string>sourcecode.c.h</string>
			<key>path</key>
			<string>CPTomatoes-Prefix.pch</string>
			<key>sourceTree</key>
			<string>&lt;group&gt;</string>
		</dict>
		<key>261895C71888A4CE00920A60</key>
		<dict>
			<key>isa</key>
			<string>PBXFileReference</string>
			<key>lastKnownFileType</key>
			<string>sourcecode.c.h</string>
			<key>path</key>
			<string>CPTAppDelegate.h</string>
			<key>sourceTree</key>
			<string>&lt;group&gt;</string>
		</dict>
		<key>261895C81888A4CE00920A60</key>
		<dict>
			<key>isa</key>
			<string>PBXFileReference</string>
			<key>lastKnownFileType</key>
			<string>sourcecode.c.objc</string>
			<key>path</key>
			<string>CPTAppDelegate.m</string>
			<key>sourceTree</key>
			<string>&lt;group&gt;</string>
		</dict>
		<key>261895C91888A4CE00920A60</key>
		<dict>
			<key>fileRef</key>
			<string>261895C81888A4CE00920A60</string>
			<key>isa</key>
			<string>PBXBuildFile</string>
		</dict>
		<key>261895CA1888A4CE00920A60</key>
		<dict>
			<key>children</key>
			<array>
				<string>261895CB1888A4CE00920A60</string>
			</array>
			<key>isa</key>
			<string>PBXVariantGroup</string>
			<key>name</key>
			<string>Main.storyboard</string>
			<key>sourceTree</key>
			<string>&lt;group&gt;</string>
		</dict>
		<key>261895CB1888A4CE00920A60</key>
		<dict>
			<key>isa</key>
			<string>PBXFileReference</string>
			<key>lastKnownFileType</key>
			<string>file.storyboard</string>
			<key>name</key>
			<string>Base</string>
			<key>path</key>
			<string>Base.lproj/Main.storyboard</string>
			<key>sourceTree</key>
			<string>&lt;group&gt;</string>
		</dict>
		<key>261895CC1888A4CE00920A60</key>
		<dict>
			<key>fileRef</key>
			<string>261895CA1888A4CE00920A60</string>
			<key>isa</key>
			<string>PBXBuildFile</string>
		</dict>
		<key>261895D01888A4CE00920A60</key>
		<dict>
			<key>isa</key>
			<string>PBXFileReference</string>
			<key>lastKnownFileType</key>
			<string>folder.assetcatalog</string>
			<key>path</key>
			<string>Images.xcassets</string>
			<key>sourceTree</key>
			<string>&lt;group&gt;</string>
		</dict>
		<key>261895D11888A4CE00920A60</key>
		<dict>
			<key>fileRef</key>
			<string>261895D01888A4CE00920A60</string>
			<key>isa</key>
			<string>PBXBuildFile</string>
		</dict>
		<key>261895D21888A4CE00920A60</key>
		<dict>
			<key>buildActionMask</key>
			<string>2147483647</string>
			<key>files</key>
			<array>
				<string>261895E41888A4CE00920A60</string>
			</array>
			<key>isa</key>
			<string>PBXSourcesBuildPhase</string>
			<key>runOnlyForDeploymentPostprocessing</key>
			<string>0</string>
		</dict>
		<key>261895D31888A4CE00920A60</key>
		<dict>
			<key>buildActionMask</key>
			<string>2147483647</string>
			<key>files</key>
			<array>
				<string>261895D81888A4CE00920A60</string>
				<string>261895DA1888A4CE00920A60</string>
				<string>261895D91888A4CE00920A60</string>
			</array>
			<key>isa</key>
			<string>PBXFrameworksBuildPhase</string>
			<key>runOnlyForDeploymentPostprocessing</key>
			<string>0</string>
		</dict>
		<key>261895D41888A4CE00920A60</key>
		<dict>
			<key>buildActionMask</key>
			<string>2147483647</string>
			<key>files</key>
			<array>
				<string>261895E21888A4CE00920A60</string>
			</array>
			<key>isa</key>
			<string>PBXResourcesBuildPhase</string>
			<key>runOnlyForDeploymentPostprocessing</key>
			<string>0</string>
		</dict>
		<key>261895D51888A4CE00920A60</key>
		<dict>
			<key>buildConfigurationList</key>
			<string>261895EA1888A4CE00920A60</string>
			<key>buildPhases</key>
			<array>
				<string>261895D21888A4CE00920A60</string>
				<string>261895D31888A4CE00920A60</string>
				<string>261895D41888A4CE00920A60</string>
			</array>
			<key>buildRules</key>
			<array/>
			<key>dependencies</key>
			<array>
				<string>261895DC1888A4CE00920A60</string>
			</array>
			<key>isa</key>
			<string>PBXNativeTarget</string>
			<key>name</key>
			<string>CPTomatoesTests</string>
			<key>productName</key>
			<string>CPTomatoesTests</string>
			<key>productReference</key>
			<string>261895D61888A4CE00920A60</string>
			<key>productType</key>
			<string>com.apple.product-type.bundle.unit-test</string>
		</dict>
		<key>261895D61888A4CE00920A60</key>
		<dict>
			<key>explicitFileType</key>
			<string>wrapper.cfbundle</string>
			<key>includeInIndex</key>
			<string>0</string>
			<key>isa</key>
			<string>PBXFileReference</string>
			<key>path</key>
			<string>CPTomatoesTests.xctest</string>
			<key>sourceTree</key>
			<string>BUILT_PRODUCTS_DIR</string>
		</dict>
		<key>261895D71888A4CE00920A60</key>
		<dict>
			<key>isa</key>
			<string>PBXFileReference</string>
			<key>lastKnownFileType</key>
			<string>wrapper.framework</string>
			<key>name</key>
			<string>XCTest.framework</string>
			<key>path</key>
			<string>Library/Frameworks/XCTest.framework</string>
			<key>sourceTree</key>
			<string>DEVELOPER_DIR</string>
		</dict>
		<key>261895D81888A4CE00920A60</key>
		<dict>
			<key>fileRef</key>
			<string>261895D71888A4CE00920A60</string>
			<key>isa</key>
			<string>PBXBuildFile</string>
		</dict>
		<key>261895D91888A4CE00920A60</key>
		<dict>
			<key>fileRef</key>
			<string>261895B81888A4CE00920A60</string>
			<key>isa</key>
			<string>PBXBuildFile</string>
		</dict>
		<key>261895DA1888A4CE00920A60</key>
		<dict>
			<key>fileRef</key>
			<string>261895BC1888A4CE00920A60</string>
			<key>isa</key>
			<string>PBXBuildFile</string>
		</dict>
		<key>261895DB1888A4CE00920A60</key>
		<dict>
			<key>containerPortal</key>
			<string>261895AD1888A4CE00920A60</string>
			<key>isa</key>
			<string>PBXContainerItemProxy</string>
			<key>proxyType</key>
			<string>1</string>
			<key>remoteGlobalIDString</key>
			<string>261895B41888A4CE00920A60</string>
			<key>remoteInfo</key>
			<string>CPTomatoes</string>
		</dict>
		<key>261895DC1888A4CE00920A60</key>
		<dict>
			<key>isa</key>
			<string>PBXTargetDependency</string>
			<key>target</key>
			<string>261895B41888A4CE00920A60</string>
			<key>targetProxy</key>
			<string>261895DB1888A4CE00920A60</string>
		</dict>
		<key>261895DD1888A4CE00920A60</key>
		<dict>
			<key>children</key>
			<array>
				<string>261895E31888A4CE00920A60</string>
				<string>261895DE1888A4CE00920A60</string>
			</array>
			<key>isa</key>
			<string>PBXGroup</string>
			<key>path</key>
			<string>CPTomatoesTests</string>
			<key>sourceTree</key>
			<string>&lt;group&gt;</string>
		</dict>
		<key>261895DE1888A4CE00920A60</key>
		<dict>
			<key>children</key>
			<array>
				<string>261895DF1888A4CE00920A60</string>
				<string>261895E01888A4CE00920A60</string>
			</array>
			<key>isa</key>
			<string>PBXGroup</string>
			<key>name</key>
			<string>Supporting Files</string>
			<key>sourceTree</key>
			<string>&lt;group&gt;</string>
		</dict>
		<key>261895DF1888A4CE00920A60</key>
		<dict>
			<key>isa</key>
			<string>PBXFileReference</string>
			<key>lastKnownFileType</key>
			<string>text.plist.xml</string>
			<key>path</key>
			<string>CPTomatoesTests-Info.plist</string>
			<key>sourceTree</key>
			<string>&lt;group&gt;</string>
		</dict>
		<key>261895E01888A4CE00920A60</key>
		<dict>
			<key>children</key>
			<array>
				<string>261895E11888A4CE00920A60</string>
			</array>
			<key>isa</key>
			<string>PBXVariantGroup</string>
			<key>name</key>
			<string>InfoPlist.strings</string>
			<key>sourceTree</key>
			<string>&lt;group&gt;</string>
		</dict>
		<key>261895E11888A4CE00920A60</key>
		<dict>
			<key>isa</key>
			<string>PBXFileReference</string>
			<key>lastKnownFileType</key>
			<string>text.plist.strings</string>
			<key>name</key>
			<string>en</string>
			<key>path</key>
			<string>en.lproj/InfoPlist.strings</string>
			<key>sourceTree</key>
			<string>&lt;group&gt;</string>
		</dict>
		<key>261895E21888A4CE00920A60</key>
		<dict>
			<key>fileRef</key>
			<string>261895E01888A4CE00920A60</string>
			<key>isa</key>
			<string>PBXBuildFile</string>
		</dict>
		<key>261895E31888A4CE00920A60</key>
		<dict>
			<key>isa</key>
			<string>PBXFileReference</string>
			<key>lastKnownFileType</key>
			<string>sourcecode.c.objc</string>
			<key>path</key>
			<string>CPTomatoesTests.m</string>
			<key>sourceTree</key>
			<string>&lt;group&gt;</string>
		</dict>
		<key>261895E41888A4CE00920A60</key>
		<dict>
			<key>fileRef</key>
			<string>261895E31888A4CE00920A60</string>
			<key>isa</key>
			<string>PBXBuildFile</string>
		</dict>
		<key>261895E51888A4CE00920A60</key>
		<dict>
			<key>buildSettings</key>
			<dict>
				<key>ALWAYS_SEARCH_USER_PATHS</key>
				<string>NO</string>
				<key>ARCHS</key>
				<string>$(ARCHS_STANDARD_INCLUDING_64_BIT)</string>
				<key>CLANG_CXX_LANGUAGE_STANDARD</key>
				<string>gnu++0x</string>
				<key>CLANG_CXX_LIBRARY</key>
				<string>libc++</string>
				<key>CLANG_ENABLE_MODULES</key>
				<string>YES</string>
				<key>CLANG_ENABLE_OBJC_ARC</key>
				<string>YES</string>
				<key>CLANG_WARN_BOOL_CONVERSION</key>
				<string>YES</string>
				<key>CLANG_WARN_CONSTANT_CONVERSION</key>
				<string>YES</string>
				<key>CLANG_WARN_DIRECT_OBJC_ISA_USAGE</key>
				<string>YES_ERROR</string>
				<key>CLANG_WARN_EMPTY_BODY</key>
				<string>YES</string>
				<key>CLANG_WARN_ENUM_CONVERSION</key>
				<string>YES</string>
				<key>CLANG_WARN_INT_CONVERSION</key>
				<string>YES</string>
				<key>CLANG_WARN_OBJC_ROOT_CLASS</key>
				<string>YES_ERROR</string>
				<key>CLANG_WARN__DUPLICATE_METHOD_MATCH</key>
				<string>YES</string>
				<key>CODE_SIGN_IDENTITY[sdk=iphoneos*]</key>
				<string>iPhone Developer</string>
				<key>COPY_PHASE_STRIP</key>
				<string>NO</string>
				<key>GCC_C_LANGUAGE_STANDARD</key>
				<string>gnu99</string>
				<key>GCC_DYNAMIC_NO_PIC</key>
				<string>NO</string>
				<key>GCC_OPTIMIZATION_LEVEL</key>
				<string>0</string>
				<key>GCC_PREPROCESSOR_DEFINITIONS</key>
				<array>
					<string>DEBUG=1</string>
					<string>$(inherited)</string>
				</array>
				<key>GCC_SYMBOLS_PRIVATE_EXTERN</key>
				<string>NO</string>
				<key>GCC_WARN_64_TO_32_BIT_CONVERSION</key>
				<string>YES</string>
				<key>GCC_WARN_ABOUT_RETURN_TYPE</key>
				<string>YES_ERROR</string>
				<key>GCC_WARN_UNDECLARED_SELECTOR</key>
				<string>YES</string>
				<key>GCC_WARN_UNINITIALIZED_AUTOS</key>
				<string>YES</string>
				<key>GCC_WARN_UNUSED_FUNCTION</key>
				<string>YES</string>
				<key>GCC_WARN_UNUSED_VARIABLE</key>
				<string>YES</string>
				<key>IPHONEOS_DEPLOYMENT_TARGET</key>
				<string>7.0</string>
				<key>ONLY_ACTIVE_ARCH</key>
				<string>YES</string>
				<key>SDKROOT</key>
				<string>iphoneos</string>
			</dict>
			<key>isa</key>
			<string>XCBuildConfiguration</string>
			<key>name</key>
			<string>Debug</string>
		</dict>
		<key>261895E61888A4CE00920A60</key>
		<dict>
			<key>buildSettings</key>
			<dict>
				<key>ALWAYS_SEARCH_USER_PATHS</key>
				<string>NO</string>
				<key>ARCHS</key>
				<string>$(ARCHS_STANDARD_INCLUDING_64_BIT)</string>
				<key>CLANG_CXX_LANGUAGE_STANDARD</key>
				<string>gnu++0x</string>
				<key>CLANG_CXX_LIBRARY</key>
				<string>libc++</string>
				<key>CLANG_ENABLE_MODULES</key>
				<string>YES</string>
				<key>CLANG_ENABLE_OBJC_ARC</key>
				<string>YES</string>
				<key>CLANG_WARN_BOOL_CONVERSION</key>
				<string>YES</string>
				<key>CLANG_WARN_CONSTANT_CONVERSION</key>
				<string>YES</string>
				<key>CLANG_WARN_DIRECT_OBJC_ISA_USAGE</key>
				<string>YES_ERROR</string>
				<key>CLANG_WARN_EMPTY_BODY</key>
				<string>YES</string>
				<key>CLANG_WARN_ENUM_CONVERSION</key>
				<string>YES</string>
				<key>CLANG_WARN_INT_CONVERSION</key>
				<string>YES</string>
				<key>CLANG_WARN_OBJC_ROOT_CLASS</key>
				<string>YES_ERROR</string>
				<key>CLANG_WARN__DUPLICATE_METHOD_MATCH</key>
				<string>YES</string>
				<key>CODE_SIGN_IDENTITY[sdk=iphoneos*]</key>
				<string>iPhone Developer</string>
				<key>COPY_PHASE_STRIP</key>
				<string>YES</string>
				<key>ENABLE_NS_ASSERTIONS</key>
				<string>NO</string>
				<key>GCC_C_LANGUAGE_STANDARD</key>
				<string>gnu99</string>
				<key>GCC_WARN_64_TO_32_BIT_CONVERSION</key>
				<string>YES</string>
				<key>GCC_WARN_ABOUT_RETURN_TYPE</key>
				<string>YES_ERROR</string>
				<key>GCC_WARN_UNDECLARED_SELECTOR</key>
				<string>YES</string>
				<key>GCC_WARN_UNINITIALIZED_AUTOS</key>
				<string>YES</string>
				<key>GCC_WARN_UNUSED_FUNCTION</key>
				<string>YES</string>
				<key>GCC_WARN_UNUSED_VARIABLE</key>
				<string>YES</string>
				<key>IPHONEOS_DEPLOYMENT_TARGET</key>
				<string>7.0</string>
				<key>SDKROOT</key>
				<string>iphoneos</string>
				<key>VALIDATE_PRODUCT</key>
				<string>YES</string>
			</dict>
			<key>isa</key>
			<string>XCBuildConfiguration</string>
			<key>name</key>
			<string>Release</string>
		</dict>
		<key>261895E71888A4CE00920A60</key>
		<dict>
			<key>buildConfigurations</key>
			<array>
				<string>261895E81888A4CE00920A60</string>
				<string>261895E91888A4CE00920A60</string>
			</array>
			<key>defaultConfigurationIsVisible</key>
			<string>0</string>
			<key>defaultConfigurationName</key>
			<string>Release</string>
			<key>isa</key>
			<string>XCConfigurationList</string>
		</dict>
		<key>261895E81888A4CE00920A60</key>
		<dict>
			<key>baseConfigurationReference</key>
			<string>470F1DF8701A4794A8B2DDC1</string>
			<key>buildSettings</key>
			<dict>
				<key>ASSETCATALOG_COMPILER_APPICON_NAME</key>
				<string>AppIcon</string>
				<key>ASSETCATALOG_COMPILER_LAUNCHIMAGE_NAME</key>
				<string>LaunchImage</string>
				<key>FRAMEWORK_SEARCH_PATHS</key>
				<array>
					<string>$(inherited)</string>
				</array>
				<key>GCC_PRECOMPILE_PREFIX_HEADER</key>
				<string>YES</string>
				<key>GCC_PREFIX_HEADER</key>
				<string>CPTomatoes/CPTomatoes-Prefix.pch</string>
				<key>INFOPLIST_FILE</key>
				<string>CPTomatoes/CPTomatoes-Info.plist</string>
				<key>PRODUCT_NAME</key>
				<string>$(TARGET_NAME)</string>
				<key>WRAPPER_EXTENSION</key>
				<string>app</string>
			</dict>
			<key>isa</key>
			<string>XCBuildConfiguration</string>
			<key>name</key>
			<string>Debug</string>
		</dict>
		<key>261895E91888A4CE00920A60</key>
		<dict>
			<key>baseConfigurationReference</key>
			<string>470F1DF8701A4794A8B2DDC1</string>
			<key>buildSettings</key>
			<dict>
				<key>ASSETCATALOG_COMPILER_APPICON_NAME</key>
				<string>AppIcon</string>
				<key>ASSETCATALOG_COMPILER_LAUNCHIMAGE_NAME</key>
				<string>LaunchImage</string>
				<key>FRAMEWORK_SEARCH_PATHS</key>
				<array>
					<string>$(inherited)</string>
					<string>/Users/cwang/Downloads</string>
				</array>
				<key>GCC_PRECOMPILE_PREFIX_HEADER</key>
				<string>YES</string>
				<key>GCC_PREFIX_HEADER</key>
				<string>CPTomatoes/CPTomatoes-Prefix.pch</string>
				<key>INFOPLIST_FILE</key>
				<string>CPTomatoes/CPTomatoes-Info.plist</string>
				<key>PRODUCT_NAME</key>
				<string>$(TARGET_NAME)</string>
				<key>WRAPPER_EXTENSION</key>
				<string>app</string>
			</dict>
			<key>isa</key>
			<string>XCBuildConfiguration</string>
			<key>name</key>
			<string>Release</string>
		</dict>
		<key>261895EA1888A4CE00920A60</key>
		<dict>
			<key>buildConfigurations</key>
			<array>
				<string>261895EB1888A4CE00920A60</string>
				<string>261895EC1888A4CE00920A60</string>
			</array>
			<key>defaultConfigurationIsVisible</key>
			<string>0</string>
			<key>defaultConfigurationName</key>
			<string>Release</string>
			<key>isa</key>
			<string>XCConfigurationList</string>
		</dict>
		<key>261895EB1888A4CE00920A60</key>
		<dict>
			<key>buildSettings</key>
			<dict>
				<key>ARCHS</key>
				<string>$(ARCHS_STANDARD_INCLUDING_64_BIT)</string>
				<key>BUNDLE_LOADER</key>
				<string>$(BUILT_PRODUCTS_DIR)/CPTomatoes.app/CPTomatoes</string>
				<key>FRAMEWORK_SEARCH_PATHS</key>
				<array>
					<string>$(SDKROOT)/Developer/Library/Frameworks</string>
					<string>$(inherited)</string>
					<string>$(DEVELOPER_FRAMEWORKS_DIR)</string>
				</array>
				<key>GCC_PRECOMPILE_PREFIX_HEADER</key>
				<string>YES</string>
				<key>GCC_PREFIX_HEADER</key>
				<string>CPTomatoes/CPTomatoes-Prefix.pch</string>
				<key>GCC_PREPROCESSOR_DEFINITIONS</key>
				<array>
					<string>DEBUG=1</string>
					<string>$(inherited)</string>
				</array>
				<key>INFOPLIST_FILE</key>
				<string>CPTomatoesTests/CPTomatoesTests-Info.plist</string>
				<key>PRODUCT_NAME</key>
				<string>$(TARGET_NAME)</string>
				<key>TEST_HOST</key>
				<string>$(BUNDLE_LOADER)</string>
				<key>WRAPPER_EXTENSION</key>
				<string>xctest</string>
			</dict>
			<key>isa</key>
			<string>XCBuildConfiguration</string>
			<key>name</key>
			<string>Debug</string>
		</dict>
		<key>261895EC1888A4CE00920A60</key>
		<dict>
			<key>buildSettings</key>
			<dict>
				<key>ARCHS</key>
				<string>$(ARCHS_STANDARD_INCLUDING_64_BIT)</string>
				<key>BUNDLE_LOADER</key>
				<string>$(BUILT_PRODUCTS_DIR)/CPTomatoes.app/CPTomatoes</string>
				<key>FRAMEWORK_SEARCH_PATHS</key>
				<array>
					<string>$(SDKROOT)/Developer/Library/Frameworks</string>
					<string>$(inherited)</string>
					<string>$(DEVELOPER_FRAMEWORKS_DIR)</string>
				</array>
				<key>GCC_PRECOMPILE_PREFIX_HEADER</key>
				<string>YES</string>
				<key>GCC_PREFIX_HEADER</key>
				<string>CPTomatoes/CPTomatoes-Prefix.pch</string>
				<key>INFOPLIST_FILE</key>
				<string>CPTomatoesTests/CPTomatoesTests-Info.plist</string>
				<key>PRODUCT_NAME</key>
				<string>$(TARGET_NAME)</string>
				<key>TEST_HOST</key>
				<string>$(BUNDLE_LOADER)</string>
				<key>WRAPPER_EXTENSION</key>
				<string>xctest</string>
			</dict>
			<key>isa</key>
			<string>XCBuildConfiguration</string>
			<key>name</key>
			<string>Release</string>
		</dict>
		<key>261895ED1888A70700920A60</key>
		<dict>
			<key>fileEncoding</key>
			<string>4</string>
			<key>isa</key>
			<string>PBXFileReference</string>
			<key>lastKnownFileType</key>
			<string>sourcecode.c.objc</string>
			<key>path</key>
			<string>Movie.m</string>
			<key>sourceTree</key>
			<string>&lt;group&gt;</string>
		</dict>
		<key>261895EE1888A70700920A60</key>
		<dict>
			<key>fileEncoding</key>
			<string>4</string>
			<key>isa</key>
			<string>PBXFileReference</string>
			<key>lastKnownFileType</key>
			<string>sourcecode.c.objc</string>
			<key>path</key>
			<string>MoviesViewController.m</string>
			<key>sourceTree</key>
			<string>&lt;group&gt;</string>
		</dict>
		<key>261895EF1888A70700920A60</key>
		<dict>
			<key>fileEncoding</key>
			<string>4</string>
			<key>isa</key>
			<string>PBXFileReference</string>
			<key>lastKnownFileType</key>
			<string>sourcecode.c.h</string>
			<key>path</key>
			<string>Movie.h</string>
			<key>sourceTree</key>
			<string>&lt;group&gt;</string>
		</dict>
		<key>261895F01888A70700920A60</key>
		<dict>
			<key>fileEncoding</key>
			<string>4</string>
			<key>isa</key>
			<string>PBXFileReference</string>
			<key>lastKnownFileType</key>
			<string>sourcecode.c.objc</string>
			<key>path</key>
			<string>MovieCell.m</string>
			<key>sourceTree</key>
			<string>&lt;group&gt;</string>
		</dict>
		<key>261895F11888A70700920A60</key>
		<dict>
			<key>fileEncoding</key>
			<string>4</string>
			<key>isa</key>
			<string>PBXFileReference</string>
			<key>lastKnownFileType</key>
			<string>sourcecode.c.h</string>
			<key>path</key>
			<string>MovieCell.h</string>
			<key>sourceTree</key>
			<string>&lt;group&gt;</string>
		</dict>
		<key>261895F21888A70700920A60</key>
		<dict>
			<key>fileEncoding</key>
			<string>4</string>
			<key>isa</key>
			<string>PBXFileReference</string>
			<key>lastKnownFileType</key>
			<string>sourcecode.c.h</string>
			<key>path</key>
			<string>MoviesViewController.h</string>
			<key>sourceTree</key>
			<string>&lt;group&gt;</string>
		</dict>
		<key>261895F31888A70700920A60</key>
		<dict>
			<key>fileRef</key>
			<string>261895ED1888A70700920A60</string>
			<key>isa</key>
			<string>PBXBuildFile</string>
		</dict>
		<key>261895F41888A70700920A60</key>
		<dict>
			<key>fileRef</key>
			<string>261895EE1888A70700920A60</string>
			<key>isa</key>
			<string>PBXBuildFile</string>
		</dict>
		<key>261895F51888A70700920A60</key>
		<dict>
			<key>fileRef</key>
			<string>261895F01888A70700920A60</string>
			<key>isa</key>
			<string>PBXBuildFile</string>
		</dict>
		<key>261896E0188E4F7F00920A60</key>
		<dict>
			<key>fileEncoding</key>
			<string>4</string>
			<key>isa</key>
			<string>PBXFileReference</string>
			<key>lastKnownFileType</key>
			<string>sourcecode.c.h</string>
			<key>path</key>
			<string>MovieViewController.h</string>
			<key>sourceTree</key>
			<string>&lt;group&gt;</string>
		</dict>
		<key>261896E1188E4F7F00920A60</key>
		<dict>
			<key>fileEncoding</key>
			<string>4</string>
			<key>isa</key>
			<string>PBXFileReference</string>
			<key>lastKnownFileType</key>
			<string>sourcecode.c.objc</string>
			<key>path</key>
			<string>MovieViewController.m</string>
			<key>sourceTree</key>
			<string>&lt;group&gt;</string>
		</dict>
		<key>261896E2188E4F7F00920A60</key>
		<dict>
			<key>fileRef</key>
			<string>261896E1188E4F7F00920A60</string>
			<key>isa</key>
			<string>PBXBuildFile</string>
		</dict>
		<key>29A4E4C68FC9476EBFCA30B2</key>
		<dict>
			<key>buildActionMask</key>
			<string>2147483647</string>
			<key>files</key>
			<array/>
			<key>inputPaths</key>
			<array/>
			<key>isa</key>
			<string>PBXShellScriptBuildPhase</string>
			<key>name</key>
			<string>Check Pods Manifest.lock</string>
			<key>outputPaths</key>
			<array/>
			<key>runOnlyForDeploymentPostprocessing</key>
			<string>0</string>
			<key>shellPath</key>
			<string>/bin/sh</string>
			<key>shellScript</key>
			<string>diff "${PODS_ROOT}/../Podfile.lock" "${PODS_ROOT}/Manifest.lock" &gt; /dev/null
if [[ $? != 0 ]] ; then
    cat &lt;&lt; EOM
error: The sandbox is not in sync with the Podfile.lock. Run 'pod install' or update your CocoaPods installation.
EOM
    exit 1
fi
</string>
			<key>showEnvVarsInLog</key>
			<string>0</string>
		</dict>
		<key>42B5412E3CB34C2C8EE2D0C1</key>
		<dict>
			<key>buildActionMask</key>
			<string>2147483647</string>
			<key>files</key>
			<array/>
			<key>inputPaths</key>
			<array/>
			<key>isa</key>
			<string>PBXShellScriptBuildPhase</string>
			<key>name</key>
			<string>Copy Pods Resources</string>
			<key>outputPaths</key>
			<array/>
			<key>runOnlyForDeploymentPostprocessing</key>
			<string>0</string>
			<key>shellPath</key>
			<string>/bin/sh</string>
			<key>shellScript</key>
			<string>"${SRCROOT}/Pods/Pods-resources.sh"
</string>
			<key>showEnvVarsInLog</key>
			<string>0</string>
		</dict>
		<key>470F1DF8701A4794A8B2DDC1</key>
		<dict>
			<key>includeInIndex</key>
			<string>1</string>
			<key>isa</key>
			<string>PBXFileReference</string>
			<key>lastKnownFileType</key>
			<string>text.xcconfig</string>
			<key>name</key>
			<string>Pods.xcconfig</string>
			<key>path</key>
			<string>Pods/Pods.xcconfig</string>
			<key>sourceTree</key>
			<string>&lt;group&gt;</string>
		</dict>
		<key>62317CEC49634D3D8C7396F7</key>
		<dict>
			<key>explicitFileType</key>
			<string>archive.ar</string>
			<key>includeInIndex</key>
			<string>0</string>
			<key>isa</key>
			<string>PBXFileReference</string>
			<key>path</key>
			<string>libPods.a</string>
			<key>sourceTree</key>
			<string>BUILT_PRODUCTS_DIR</string>
		</dict>
	</dict>
	<key>rootObject</key>
	<string>261895AD1888A4CE00920A60</string>
</dict>
</plist>
